# This file is automatically @generated by Cargo.
# It is not intended for manual editing.
version = 4

[[package]]
name = "use-dir"
version = "0.0.1"

[[package]]
name = "use-extension"
version = "0.0.1"

[[package]]
name = "use-file-name"
version = "0.0.1"

[[package]]
name = "use-file-stem"
version = "0.0.1"

[[package]]
name = "use-fs"
version = "0.0.1"
dependencies = [
 "use-dir",
 "use-extension",
 "use-file-name",
 "use-file-stem",
 "use-path",
]

[[package]]
name = "use-path"
version = "0.0.1"
